
Microsoft Visual Studio Solution File, Format Version 11.00
# Visual Studio 2010
Project("{FAE04EC0-301F-11D3-BF4B-00C04F79EFBC}") = "LandCost", "LandCost\LandCost.csproj", "{420C5CF1-1E0A-4C75-A49E-0F6A74BE7051}"
EndProject
Project("{FAE04EC0-301F-11D3-BF4B-00C04F79EFBC}") = "LandCost.Entities", "LandCost.Entities\LandCost.Entities.csproj", "{7E65EC51-E63C-4B68-9C84-AFBCCE884D9B}"
EndProject
Project("{FAE04EC0-301F-11D3-BF4B-00C04F79EFBC}") = "GMap.NET.Core", "GMap.NET.Core\GMap.NET.Core.csproj", "{D0C39D9D-BED0-418B-9A5E-713176CAF40C}"
EndProject
Project("{FAE04EC0-301F-11D3-BF4B-00C04F79EFBC}") = "GMap.NET.WindowsForms", "GMap.NET.WindowsForms\GMap.NET.WindowsForms.csproj", "{E06DEF77-F933-42FB-AFD7-DB2D0D8D6A98}"
EndProject
Project("{FAE04EC0-301F-11D3-BF4B-00C04F79EFBC}") = "netDxf", "netDxf\netDxf.csproj", "{785380E0-CEB9-4C34-82E5-60D0E33E848E}"
EndProject
Project("{FAE04EC0-301F-11D3-BF4B-00C04F79EFBC}") = "LandCostTest", "LandCostTest\LandCostTest.csproj", "{D0BB6A94-656F-4045-959D-7EA4F8CF4008}"
EndProject
Project("{FAE04EC0-301F-11D3-BF4B-00C04F79EFBC}") = "LandCost.Forms", "LandCost.Forms\LandCost.Forms.csproj", "{39B3AB40-5C4A-4892-8F34-BAAC57070988}"
EndProject
Project("{FAE04EC0-301F-11D3-BF4B-00C04F79EFBC}") = "LandCost.Database", "LandCost.Database\LandCost.Database.csproj", "{5CDB600B-7012-40B1-A897-C41F0B9C0DE4}"
EndProject
Project("{54435603-DBB4-11D2-8724-00A0C9A8B90C}") = "LandCost.Setup", "LandCost.Setup\LandCost.Setup.vdproj", "{DA533890-9C6D-4FDC-84D4-58A0426DD524}"
EndProject
Global
	GlobalSection(SolutionConfigurationPlatforms) = preSolution
		CD_ROM|Any CPU = CD_ROM|Any CPU
		CD_ROM|Mixed Platforms = CD_ROM|Mixed Platforms
		CD_ROM|x86 = CD_ROM|x86
		Debug|Any CPU = Debug|Any CPU
		Debug|Mixed Platforms = Debug|Mixed Platforms
		Debug|x86 = Debug|x86
		DVD-5|Any CPU = DVD-5|Any CPU
		DVD-5|Mixed Platforms = DVD-5|Mixed Platforms
		DVD-5|x86 = DVD-5|x86
		Release|Any CPU = Release|Any CPU
		Release|Mixed Platforms = Release|Mixed Platforms
		Release|x86 = Release|x86
		SingleImage|Any CPU = SingleImage|Any CPU
		SingleImage|Mixed Platforms = SingleImage|Mixed Platforms
		SingleImage|x86 = SingleImage|x86
	EndGlobalSection
	GlobalSection(ProjectConfigurationPlatforms) = postSolution
		{420C5CF1-1E0A-4C75-A49E-0F6A74BE7051}.CD_ROM|Any CPU.ActiveCfg = Release|x86
		{420C5CF1-1E0A-4C75-A49E-0F6A74BE7051}.CD_ROM|Mixed Platforms.ActiveCfg = Release|x86
		{420C5CF1-1E0A-4C75-A49E-0F6A74BE7051}.CD_ROM|Mixed Platforms.Build.0 = Release|x86
		{420C5CF1-1E0A-4C75-A49E-0F6A74BE7051}.CD_ROM|x86.ActiveCfg = Release|x86
		{420C5CF1-1E0A-4C75-A49E-0F6A74BE7051}.CD_ROM|x86.Build.0 = Release|x86
		{420C5CF1-1E0A-4C75-A49E-0F6A74BE7051}.Debug|Any CPU.ActiveCfg = Debug|x86
		{420C5CF1-1E0A-4C75-A49E-0F6A74BE7051}.Debug|Mixed Platforms.ActiveCfg = Debug|x86
		{420C5CF1-1E0A-4C75-A49E-0F6A74BE7051}.Debug|Mixed Platforms.Build.0 = Debug|x86
		{420C5CF1-1E0A-4C75-A49E-0F6A74BE7051}.Debug|x86.ActiveCfg = Debug|x86
		{420C5CF1-1E0A-4C75-A49E-0F6A74BE7051}.Debug|x86.Build.0 = Debug|x86
		{420C5CF1-1E0A-4C75-A49E-0F6A74BE7051}.DVD-5|Any CPU.ActiveCfg = Debug|x86
		{420C5CF1-1E0A-4C75-A49E-0F6A74BE7051}.DVD-5|Mixed Platforms.ActiveCfg = Debug|x86
		{420C5CF1-1E0A-4C75-A49E-0F6A74BE7051}.DVD-5|Mixed Platforms.Build.0 = Debug|x86
		{420C5CF1-1E0A-4C75-A49E-0F6A74BE7051}.DVD-5|x86.ActiveCfg = Debug|x86
		{420C5CF1-1E0A-4C75-A49E-0F6A74BE7051}.DVD-5|x86.Build.0 = Debug|x86
		{420C5CF1-1E0A-4C75-A49E-0F6A74BE7051}.Release|Any CPU.ActiveCfg = Release|Any CPU
		{420C5CF1-1E0A-4C75-A49E-0F6A74BE7051}.Release|Any CPU.Build.0 = Release|Any CPU
		{420C5CF1-1E0A-4C75-A49E-0F6A74BE7051}.Release|Mixed Platforms.ActiveCfg = Release|x86
		{420C5CF1-1E0A-4C75-A49E-0F6A74BE7051}.Release|Mixed Platforms.Build.0 = Release|x86
		{420C5CF1-1E0A-4C75-A49E-0F6A74BE7051}.Release|x86.ActiveCfg = Release|x86
		{420C5CF1-1E0A-4C75-A49E-0F6A74BE7051}.Release|x86.Build.0 = Release|x86
		{420C5CF1-1E0A-4C75-A49E-0F6A74BE7051}.SingleImage|Any CPU.ActiveCfg = Release|x86
		{420C5CF1-1E0A-4C75-A49E-0F6A74BE7051}.SingleImage|Mixed Platforms.ActiveCfg = Release|x86
		{420C5CF1-1E0A-4C75-A49E-0F6A74BE7051}.SingleImage|Mixed Platforms.Build.0 = Release|x86
		{420C5CF1-1E0A-4C75-A49E-0F6A74BE7051}.SingleImage|x86.ActiveCfg = Release|x86
		{420C5CF1-1E0A-4C75-A49E-0F6A74BE7051}.SingleImage|x86.Build.0 = Release|x86
		{7E65EC51-E63C-4B68-9C84-AFBCCE884D9B}.CD_ROM|Any CPU.ActiveCfg = Release|Any CPU
		{7E65EC51-E63C-4B68-9C84-AFBCCE884D9B}.CD_ROM|Any CPU.Build.0 = Release|Any CPU
		{7E65EC51-E63C-4B68-9C84-AFBCCE884D9B}.CD_ROM|Mixed Platforms.ActiveCfg = Release|Any CPU
		{7E65EC51-E63C-4B68-9C84-AFBCCE884D9B}.CD_ROM|Mixed Platforms.Build.0 = Release|Any CPU
		{7E65EC51-E63C-4B68-9C84-AFBCCE884D9B}.CD_ROM|x86.ActiveCfg = Release|Any CPU
		{7E65EC51-E63C-4B68-9C84-AFBCCE884D9B}.Debug|Any CPU.ActiveCfg = Debug|Any CPU
		{7E65EC51-E63C-4B68-9C84-AFBCCE884D9B}.Debug|Any CPU.Build.0 = Debug|Any CPU
		{7E65EC51-E63C-4B68-9C84-AFBCCE884D9B}.Debug|Mixed Platforms.ActiveCfg = Debug|Any CPU
		{7E65EC51-E63C-4B68-9C84-AFBCCE884D9B}.Debug|Mixed Platforms.Build.0 = Debug|Any CPU
		{7E65EC51-E63C-4B68-9C84-AFBCCE884D9B}.Debug|x86.ActiveCfg = Debug|Any CPU
		{7E65EC51-E63C-4B68-9C84-AFBCCE884D9B}.DVD-5|Any CPU.ActiveCfg = Debug|Any CPU
		{7E65EC51-E63C-4B68-9C84-AFBCCE884D9B}.DVD-5|Any CPU.Build.0 = Debug|Any CPU
		{7E65EC51-E63C-4B68-9C84-AFBCCE884D9B}.DVD-5|Mixed Platforms.ActiveCfg = Debug|Any CPU
		{7E65EC51-E63C-4B68-9C84-AFBCCE884D9B}.DVD-5|Mixed Platforms.Build.0 = Debug|Any CPU
		{7E65EC51-E63C-4B68-9C84-AFBCCE884D9B}.DVD-5|x86.ActiveCfg = Debug|Any CPU
		{7E65EC51-E63C-4B68-9C84-AFBCCE884D9B}.Release|Any CPU.ActiveCfg = Release|Any CPU
		{7E65EC51-E63C-4B68-9C84-AFBCCE884D9B}.Release|Any CPU.Build.0 = Release|Any CPU
		{7E65EC51-E63C-4B68-9C84-AFBCCE884D9B}.Release|Mixed Platforms.ActiveCfg = Release|Any CPU
		{7E65EC51-E63C-4B68-9C84-AFBCCE884D9B}.Release|Mixed Platforms.Build.0 = Release|Any CPU
		{7E65EC51-E63C-4B68-9C84-AFBCCE884D9B}.Release|x86.ActiveCfg = Release|Any CPU
		{7E65EC51-E63C-4B68-9C84-AFBCCE884D9B}.SingleImage|Any CPU.ActiveCfg = Release|Any CPU
		{7E65EC51-E63C-4B68-9C84-AFBCCE884D9B}.SingleImage|Any CPU.Build.0 = Release|Any CPU
		{7E65EC51-E63C-4B68-9C84-AFBCCE884D9B}.SingleImage|Mixed Platforms.ActiveCfg = Release|Any CPU
		{7E65EC51-E63C-4B68-9C84-AFBCCE884D9B}.SingleImage|Mixed Platforms.Build.0 = Release|Any CPU
		{7E65EC51-E63C-4B68-9C84-AFBCCE884D9B}.SingleImage|x86.ActiveCfg = Release|Any CPU
		{D0C39D9D-BED0-418B-9A5E-713176CAF40C}.CD_ROM|Any CPU.ActiveCfg = Release|Any CPU
		{D0C39D9D-BED0-418B-9A5E-713176CAF40C}.CD_ROM|Any CPU.Build.0 = Release|Any CPU
		{D0C39D9D-BED0-418B-9A5E-713176CAF40C}.CD_ROM|Mixed Platforms.ActiveCfg = Release|Any CPU
		{D0C39D9D-BED0-418B-9A5E-713176CAF40C}.CD_ROM|Mixed Platforms.Build.0 = Release|Any CPU
		{D0C39D9D-BED0-418B-9A5E-713176CAF40C}.CD_ROM|x86.ActiveCfg = Release|Any CPU
		{D0C39D9D-BED0-418B-9A5E-713176CAF40C}.Debug|Any CPU.ActiveCfg = Debug|Any CPU
		{D0C39D9D-BED0-418B-9A5E-713176CAF40C}.Debug|Any CPU.Build.0 = Debug|Any CPU
		{D0C39D9D-BED0-418B-9A5E-713176CAF40C}.Debug|Mixed Platforms.ActiveCfg = Debug|Any CPU
		{D0C39D9D-BED0-418B-9A5E-713176CAF40C}.Debug|Mixed Platforms.Build.0 = Debug|Any CPU
		{D0C39D9D-BED0-418B-9A5E-713176CAF40C}.Debug|x86.ActiveCfg = Debug|Any CPU
		{D0C39D9D-BED0-418B-9A5E-713176CAF40C}.DVD-5|Any CPU.ActiveCfg = Debug|Any CPU
		{D0C39D9D-BED0-418B-9A5E-713176CAF40C}.DVD-5|Any CPU.Build.0 = Debug|Any CPU
		{D0C39D9D-BED0-418B-9A5E-713176CAF40C}.DVD-5|Mixed Platforms.ActiveCfg = Debug|Any CPU
		{D0C39D9D-BED0-418B-9A5E-713176CAF40C}.DVD-5|Mixed Platforms.Build.0 = Debug|Any CPU
		{D0C39D9D-BED0-418B-9A5E-713176CAF40C}.DVD-5|x86.ActiveCfg = Debug|Any CPU
		{D0C39D9D-BED0-418B-9A5E-713176CAF40C}.Release|Any CPU.ActiveCfg = Release|Any CPU
		{D0C39D9D-BED0-418B-9A5E-713176CAF40C}.Release|Any CPU.Build.0 = Release|Any CPU
		{D0C39D9D-BED0-418B-9A5E-713176CAF40C}.Release|Mixed Platforms.ActiveCfg = Release|Any CPU
		{D0C39D9D-BED0-418B-9A5E-713176CAF40C}.Release|Mixed Platforms.Build.0 = Release|Any CPU
		{D0C39D9D-BED0-418B-9A5E-713176CAF40C}.Release|x86.ActiveCfg = Release|Any CPU
		{D0C39D9D-BED0-418B-9A5E-713176CAF40C}.SingleImage|Any CPU.ActiveCfg = Release|Any CPU
		{D0C39D9D-BED0-418B-9A5E-713176CAF40C}.SingleImage|Any CPU.Build.0 = Release|Any CPU
		{D0C39D9D-BED0-418B-9A5E-713176CAF40C}.SingleImage|Mixed Platforms.ActiveCfg = Release|Any CPU
		{D0C39D9D-BED0-418B-9A5E-713176CAF40C}.SingleImage|Mixed Platforms.Build.0 = Release|Any CPU
		{D0C39D9D-BED0-418B-9A5E-713176CAF40C}.SingleImage|x86.ActiveCfg = Release|Any CPU
		{E06DEF77-F933-42FB-AFD7-DB2D0D8D6A98}.CD_ROM|Any CPU.ActiveCfg = Release|Any CPU
		{E06DEF77-F933-42FB-AFD7-DB2D0D8D6A98}.CD_ROM|Any CPU.Build.0 = Release|Any CPU
		{E06DEF77-F933-42FB-AFD7-DB2D0D8D6A98}.CD_ROM|Mixed Platforms.ActiveCfg = Release|Any CPU
		{E06DEF77-F933-42FB-AFD7-DB2D0D8D6A98}.CD_ROM|Mixed Platforms.Build.0 = Release|Any CPU
		{E06DEF77-F933-42FB-AFD7-DB2D0D8D6A98}.CD_ROM|x86.ActiveCfg = Release|Any CPU
		{E06DEF77-F933-42FB-AFD7-DB2D0D8D6A98}.Debug|Any CPU.ActiveCfg = Debug|Any CPU
		{E06DEF77-F933-42FB-AFD7-DB2D0D8D6A98}.Debug|Any CPU.Build.0 = Debug|Any CPU
		{E06DEF77-F933-42FB-AFD7-DB2D0D8D6A98}.Debug|Mixed Platforms.ActiveCfg = Debug|Any CPU
		{E06DEF77-F933-42FB-AFD7-DB2D0D8D6A98}.Debug|Mixed Platforms.Build.0 = Debug|Any CPU
		{E06DEF77-F933-42FB-AFD7-DB2D0D8D6A98}.Debug|x86.ActiveCfg = Debug|Any CPU
		{E06DEF77-F933-42FB-AFD7-DB2D0D8D6A98}.DVD-5|Any CPU.ActiveCfg = Debug|Any CPU
		{E06DEF77-F933-42FB-AFD7-DB2D0D8D6A98}.DVD-5|Any CPU.Build.0 = Debug|Any CPU
		{E06DEF77-F933-42FB-AFD7-DB2D0D8D6A98}.DVD-5|Mixed Platforms.ActiveCfg = Debug|Any CPU
		{E06DEF77-F933-42FB-AFD7-DB2D0D8D6A98}.DVD-5|Mixed Platforms.Build.0 = Debug|Any CPU
		{E06DEF77-F933-42FB-AFD7-DB2D0D8D6A98}.DVD-5|x86.ActiveCfg = Debug|Any CPU
		{E06DEF77-F933-42FB-AFD7-DB2D0D8D6A98}.Release|Any CPU.ActiveCfg = Release|Any CPU
		{E06DEF77-F933-42FB-AFD7-DB2D0D8D6A98}.Release|Any CPU.Build.0 = Release|Any CPU
		{E06DEF77-F933-42FB-AFD7-DB2D0D8D6A98}.Release|Mixed Platforms.ActiveCfg = Release|Any CPU
		{E06DEF77-F933-42FB-AFD7-DB2D0D8D6A98}.Release|Mixed Platforms.Build.0 = Release|Any CPU
		{E06DEF77-F933-42FB-AFD7-DB2D0D8D6A98}.Release|x86.ActiveCfg = Release|Any CPU
		{E06DEF77-F933-42FB-AFD7-DB2D0D8D6A98}.SingleImage|Any CPU.ActiveCfg = Release|Any CPU
		{E06DEF77-F933-42FB-AFD7-DB2D0D8D6A98}.SingleImage|Any CPU.Build.0 = Release|Any CPU
		{E06DEF77-F933-42FB-AFD7-DB2D0D8D6A98}.SingleImage|Mixed Platforms.ActiveCfg = Release|Any CPU
		{E06DEF77-F933-42FB-AFD7-DB2D0D8D6A98}.SingleImage|Mixed Platforms.Build.0 = Release|Any CPU
		{E06DEF77-F933-42FB-AFD7-DB2D0D8D6A98}.SingleImage|x86.ActiveCfg = Release|Any CPU
		{785380E0-CEB9-4C34-82E5-60D0E33E848E}.CD_ROM|Any CPU.ActiveCfg = Release|Any CPU
		{785380E0-CEB9-4C34-82E5-60D0E33E848E}.CD_ROM|Any CPU.Build.0 = Release|Any CPU
		{785380E0-CEB9-4C34-82E5-60D0E33E848E}.CD_ROM|Mixed Platforms.ActiveCfg = Release|Any CPU
		{785380E0-CEB9-4C34-82E5-60D0E33E848E}.CD_ROM|Mixed Platforms.Build.0 = Release|Any CPU
		{785380E0-CEB9-4C34-82E5-60D0E33E848E}.CD_ROM|x86.ActiveCfg = Release|Any CPU
		{785380E0-CEB9-4C34-82E5-60D0E33E848E}.Debug|Any CPU.ActiveCfg = Debug|Any CPU
		{785380E0-CEB9-4C34-82E5-60D0E33E848E}.Debug|Any CPU.Build.0 = Debug|Any CPU
		{785380E0-CEB9-4C34-82E5-60D0E33E848E}.Debug|Mixed Platforms.ActiveCfg = Debug|Any CPU
		{785380E0-CEB9-4C34-82E5-60D0E33E848E}.Debug|Mixed Platforms.Build.0 = Debug|Any CPU
		{785380E0-CEB9-4C34-82E5-60D0E33E848E}.Debug|x86.ActiveCfg = Debug|Any CPU
		{785380E0-CEB9-4C34-82E5-60D0E33E848E}.DVD-5|Any CPU.ActiveCfg = Debug|Any CPU
		{785380E0-CEB9-4C34-82E5-60D0E33E848E}.DVD-5|Any CPU.Build.0 = Debug|Any CPU
		{785380E0-CEB9-4C34-82E5-60D0E33E848E}.DVD-5|Mixed Platforms.ActiveCfg = Debug|Any CPU
		{785380E0-CEB9-4C34-82E5-60D0E33E848E}.DVD-5|Mixed Platforms.Build.0 = Debug|Any CPU
		{785380E0-CEB9-4C34-82E5-60D0E33E848E}.DVD-5|x86.ActiveCfg = Debug|Any CPU
		{785380E0-CEB9-4C34-82E5-60D0E33E848E}.Release|Any CPU.ActiveCfg = Release|Any CPU
		{785380E0-CEB9-4C34-82E5-60D0E33E848E}.Release|Any CPU.Build.0 = Release|Any CPU
		{785380E0-CEB9-4C34-82E5-60D0E33E848E}.Release|Mixed Platforms.ActiveCfg = Release|Any CPU
		{785380E0-CEB9-4C34-82E5-60D0E33E848E}.Release|Mixed Platforms.Build.0 = Release|Any CPU
		{785380E0-CEB9-4C34-82E5-60D0E33E848E}.Release|x86.ActiveCfg = Release|Any CPU
		{785380E0-CEB9-4C34-82E5-60D0E33E848E}.SingleImage|Any CPU.ActiveCfg = Release|Any CPU
		{785380E0-CEB9-4C34-82E5-60D0E33E848E}.SingleImage|Any CPU.Build.0 = Release|Any CPU
		{785380E0-CEB9-4C34-82E5-60D0E33E848E}.SingleImage|Mixed Platforms.ActiveCfg = Release|Any CPU
		{785380E0-CEB9-4C34-82E5-60D0E33E848E}.SingleImage|Mixed Platforms.Build.0 = Release|Any CPU
		{785380E0-CEB9-4C34-82E5-60D0E33E848E}.SingleImage|x86.ActiveCfg = Release|Any CPU
		{D0BB6A94-656F-4045-959D-7EA4F8CF4008}.CD_ROM|Any CPU.ActiveCfg = Release|x86
		{D0BB6A94-656F-4045-959D-7EA4F8CF4008}.CD_ROM|Mixed Platforms.ActiveCfg = Release|x86
		{D0BB6A94-656F-4045-959D-7EA4F8CF4008}.CD_ROM|Mixed Platforms.Build.0 = Release|x86
		{D0BB6A94-656F-4045-959D-7EA4F8CF4008}.CD_ROM|x86.ActiveCfg = Release|x86
		{D0BB6A94-656F-4045-959D-7EA4F8CF4008}.CD_ROM|x86.Build.0 = Release|x86
		{D0BB6A94-656F-4045-959D-7EA4F8CF4008}.Debug|Any CPU.ActiveCfg = Debug|x86
		{D0BB6A94-656F-4045-959D-7EA4F8CF4008}.Debug|Mixed Platforms.ActiveCfg = Debug|x86
		{D0BB6A94-656F-4045-959D-7EA4F8CF4008}.Debug|Mixed Platforms.Build.0 = Debug|x86
		{D0BB6A94-656F-4045-959D-7EA4F8CF4008}.Debug|x86.ActiveCfg = Debug|x86
		{D0BB6A94-656F-4045-959D-7EA4F8CF4008}.Debug|x86.Build.0 = Debug|x86
		{D0BB6A94-656F-4045-959D-7EA4F8CF4008}.DVD-5|Any CPU.ActiveCfg = Debug|x86
		{D0BB6A94-656F-4045-959D-7EA4F8CF4008}.DVD-5|Mixed Platforms.ActiveCfg = Debug|x86
		{D0BB6A94-656F-4045-959D-7EA4F8CF4008}.DVD-5|Mixed Platforms.Build.0 = Debug|x86
		{D0BB6A94-656F-4045-959D-7EA4F8CF4008}.DVD-5|x86.ActiveCfg = Debug|x86
		{D0BB6A94-656F-4045-959D-7EA4F8CF4008}.DVD-5|x86.Build.0 = Debug|x86
		{D0BB6A94-656F-4045-959D-7EA4F8CF4008}.Release|Any CPU.ActiveCfg = Release|Any CPU
		{D0BB6A94-656F-4045-959D-7EA4F8CF4008}.Release|Any CPU.Build.0 = Release|Any CPU
		{D0BB6A94-656F-4045-959D-7EA4F8CF4008}.Release|Mixed Platforms.ActiveCfg = Release|x86
		{D0BB6A94-656F-4045-959D-7EA4F8CF4008}.Release|Mixed Platforms.Build.0 = Release|x86
		{D0BB6A94-656F-4045-959D-7EA4F8CF4008}.Release|x86.ActiveCfg = Release|x86
		{D0BB6A94-656F-4045-959D-7EA4F8CF4008}.Release|x86.Build.0 = Release|x86
		{D0BB6A94-656F-4045-959D-7EA4F8CF4008}.SingleImage|Any CPU.ActiveCfg = Release|x86
		{D0BB6A94-656F-4045-959D-7EA4F8CF4008}.SingleImage|Mixed Platforms.ActiveCfg = Release|x86
		{D0BB6A94-656F-4045-959D-7EA4F8CF4008}.SingleImage|Mixed Platforms.Build.0 = Release|x86
		{D0BB6A94-656F-4045-959D-7EA4F8CF4008}.SingleImage|x86.ActiveCfg = Release|x86
		{D0BB6A94-656F-4045-959D-7EA4F8CF4008}.SingleImage|x86.Build.0 = Release|x86
		{39B3AB40-5C4A-4892-8F34-BAAC57070988}.CD_ROM|Any CPU.ActiveCfg = Release|x86
		{39B3AB40-5C4A-4892-8F34-BAAC57070988}.CD_ROM|Mixed Platforms.ActiveCfg = Release|x86
		{39B3AB40-5C4A-4892-8F34-BAAC57070988}.CD_ROM|Mixed Platforms.Build.0 = Release|x86
		{39B3AB40-5C4A-4892-8F34-BAAC57070988}.CD_ROM|x86.ActiveCfg = Release|x86
		{39B3AB40-5C4A-4892-8F34-BAAC57070988}.CD_ROM|x86.Build.0 = Release|x86
		{39B3AB40-5C4A-4892-8F34-BAAC57070988}.Debug|Any CPU.ActiveCfg = Debug|x86
		{39B3AB40-5C4A-4892-8F34-BAAC57070988}.Debug|Mixed Platforms.ActiveCfg = Debug|x86
		{39B3AB40-5C4A-4892-8F34-BAAC57070988}.Debug|Mixed Platforms.Build.0 = Debug|x86
		{39B3AB40-5C4A-4892-8F34-BAAC57070988}.Debug|x86.ActiveCfg = Debug|x86
		{39B3AB40-5C4A-4892-8F34-BAAC57070988}.Debug|x86.Build.0 = Debug|x86
		{39B3AB40-5C4A-4892-8F34-BAAC57070988}.DVD-5|Any CPU.ActiveCfg = Debug|x86
		{39B3AB40-5C4A-4892-8F34-BAAC57070988}.DVD-5|Mixed Platforms.ActiveCfg = Debug|x86
		{39B3AB40-5C4A-4892-8F34-BAAC57070988}.DVD-5|Mixed Platforms.Build.0 = Debug|x86
		{39B3AB40-5C4A-4892-8F34-BAAC57070988}.DVD-5|x86.ActiveCfg = Debug|x86
		{39B3AB40-5C4A-4892-8F34-BAAC57070988}.DVD-5|x86.Build.0 = Debug|x86
		{39B3AB40-5C4A-4892-8F34-BAAC57070988}.Release|Any CPU.ActiveCfg = Release|Any CPU
		{39B3AB40-5C4A-4892-8F34-BAAC57070988}.Release|Any CPU.Build.0 = Release|Any CPU
		{39B3AB40-5C4A-4892-8F34-BAAC57070988}.Release|Mixed Platforms.ActiveCfg = Release|x86
		{39B3AB40-5C4A-4892-8F34-BAAC57070988}.Release|Mixed Platforms.Build.0 = Release|x86
		{39B3AB40-5C4A-4892-8F34-BAAC57070988}.Release|x86.ActiveCfg = Release|x86
		{39B3AB40-5C4A-4892-8F34-BAAC57070988}.Release|x86.Build.0 = Release|x86
		{39B3AB40-5C4A-4892-8F34-BAAC57070988}.SingleImage|Any CPU.ActiveCfg = Release|x86
		{39B3AB40-5C4A-4892-8F34-BAAC57070988}.SingleImage|Mixed Platforms.ActiveCfg = Release|x86
		{39B3AB40-5C4A-4892-8F34-BAAC57070988}.SingleImage|Mixed Platforms.Build.0 = Release|x86
		{39B3AB40-5C4A-4892-8F34-BAAC57070988}.SingleImage|x86.ActiveCfg = Release|x86
		{39B3AB40-5C4A-4892-8F34-BAAC57070988}.SingleImage|x86.Build.0 = Release|x86
		{5CDB600B-7012-40B1-A897-C41F0B9C0DE4}.CD_ROM|Any CPU.ActiveCfg = Release|Any CPU
		{5CDB600B-7012-40B1-A897-C41F0B9C0DE4}.CD_ROM|Any CPU.Build.0 = Release|Any CPU
		{5CDB600B-7012-40B1-A897-C41F0B9C0DE4}.CD_ROM|Mixed Platforms.ActiveCfg = Release|Any CPU
		{5CDB600B-7012-40B1-A897-C41F0B9C0DE4}.CD_ROM|Mixed Platforms.Build.0 = Release|Any CPU
		{5CDB600B-7012-40B1-A897-C41F0B9C0DE4}.CD_ROM|x86.ActiveCfg = Release|Any CPU
		{5CDB600B-7012-40B1-A897-C41F0B9C0DE4}.Debug|Any CPU.ActiveCfg = Debug|Any CPU
		{5CDB600B-7012-40B1-A897-C41F0B9C0DE4}.Debug|Any CPU.Build.0 = Debug|Any CPU
		{5CDB600B-7012-40B1-A897-C41F0B9C0DE4}.Debug|Mixed Platforms.ActiveCfg = Debug|Any CPU
		{5CDB600B-7012-40B1-A897-C41F0B9C0DE4}.Debug|Mixed Platforms.Build.0 = Debug|Any CPU
		{5CDB600B-7012-40B1-A897-C41F0B9C0DE4}.Debug|x86.ActiveCfg = Debug|Any CPU
		{5CDB600B-7012-40B1-A897-C41F0B9C0DE4}.DVD-5|Any CPU.ActiveCfg = Debug|Any CPU
		{5CDB600B-7012-40B1-A897-C41F0B9C0DE4}.DVD-5|Any CPU.Build.0 = Debug|Any CPU
		{5CDB600B-7012-40B1-A897-C41F0B9C0DE4}.DVD-5|Mixed Platforms.ActiveCfg = Debug|Any CPU
		{5CDB600B-7012-40B1-A897-C41F0B9C0DE4}.DVD-5|Mixed Platforms.Build.0 = Debug|Any CPU
		{5CDB600B-7012-40B1-A897-C41F0B9C0DE4}.DVD-5|x86.ActiveCfg = Debug|Any CPU
		{5CDB600B-7012-40B1-A897-C41F0B9C0DE4}.Release|Any CPU.ActiveCfg = Release|Any CPU
		{5CDB600B-7012-40B1-A897-C41F0B9C0DE4}.Release|Any CPU.Build.0 = Release|Any CPU
		{5CDB600B-7012-40B1-A897-C41F0B9C0DE4}.Release|Mixed Platforms.ActiveCfg = Release|Any CPU
		{5CDB600B-7012-40B1-A897-C41F0B9C0DE4}.Release|Mixed Platforms.Build.0 = Release|Any CPU
		{5CDB600B-7012-40B1-A897-C41F0B9C0DE4}.Release|x86.ActiveCfg = Release|Any CPU
		{5CDB600B-7012-40B1-A897-C41F0B9C0DE4}.SingleImage|Any CPU.ActiveCfg = Release|Any CPU
		{5CDB600B-7012-40B1-A897-C41F0B9C0DE4}.SingleImage|Any CPU.Build.0 = Release|Any CPU
		{5CDB600B-7012-40B1-A897-C41F0B9C0DE4}.SingleImage|Mixed Platforms.ActiveCfg = Release|Any CPU
		{5CDB600B-7012-40B1-A897-C41F0B9C0DE4}.SingleImage|Mixed Platforms.Build.0 = Release|Any CPU
		{5CDB600B-7012-40B1-A897-C41F0B9C0DE4}.SingleImage|x86.ActiveCfg = Release|Any CPU
		{DA533890-9C6D-4FDC-84D4-58A0426DD524}.CD_ROM|Any CPU.ActiveCfg = Release
		{DA533890-9C6D-4FDC-84D4-58A0426DD524}.CD_ROM|Mixed Platforms.ActiveCfg = Release
		{DA533890-9C6D-4FDC-84D4-58A0426DD524}.CD_ROM|x86.ActiveCfg = Release
		{DA533890-9C6D-4FDC-84D4-58A0426DD524}.Debug|Any CPU.ActiveCfg = Debug
		{DA533890-9C6D-4FDC-84D4-58A0426DD524}.Debug|Mixed Platforms.ActiveCfg = Debug
		{DA533890-9C6D-4FDC-84D4-58A0426DD524}.Debug|x86.ActiveCfg = Debug
		{DA533890-9C6D-4FDC-84D4-58A0426DD524}.DVD-5|Any CPU.ActiveCfg = Debug
		{DA533890-9C6D-4FDC-84D4-58A0426DD524}.DVD-5|Mixed Platforms.ActiveCfg = Debug
		{DA533890-9C6D-4FDC-84D4-58A0426DD524}.DVD-5|x86.ActiveCfg = Debug
		{DA533890-9C6D-4FDC-84D4-58A0426DD524}.Release|Any CPU.ActiveCfg = Release
		{DA533890-9C6D-4FDC-84D4-58A0426DD524}.Release|Mixed Platforms.ActiveCfg = Release
		{DA533890-9C6D-4FDC-84D4-58A0426DD524}.Release|x86.ActiveCfg = Release
		{DA533890-9C6D-4FDC-84D4-58A0426DD524}.SingleImage|Any CPU.ActiveCfg = Release
		{DA533890-9C6D-4FDC-84D4-58A0426DD524}.SingleImage|Mixed Platforms.ActiveCfg = Release
		{DA533890-9C6D-4FDC-84D4-58A0426DD524}.SingleImage|x86.ActiveCfg = Release
	EndGlobalSection
	GlobalSection(SolutionProperties) = preSolution
		HideSolutionNode = FALSE
	EndGlobalSection
EndGlobal
